
Microsoft Visual Studio Solution File, Format Version 12.00
# Visual Studio Version 17
VisualStudioVersion = 17.4.33213.308
MinimumVisualStudioVersion = 10.0.40219.1
Project("{FAE04EC0-301F-11D3-BF4B-00C04F79EFBC}") = "PRUEBA TP LOGICA", "PRUEBA TP LOGICA.csproj", "{21B3482B-E44B-4419-A728-E144EEFDA63A}"
EndProject
Global
	GlobalSection(SolutionConfigurationPlatforms) = preSolution
		Debug|Any CPU = Debug|Any CPU
		Release|Any CPU = Release|Any CPU
	EndGlobalSection
	GlobalSection(ProjectConfigurationPlatforms) = postSolution
		{21B3482B-E44B-4419-A728-E144EEFDA63A}.Debug|Any CPU.ActiveCfg = Debug|Any CPU
		{21B3482B-E44B-4419-A728-E144EEFDA63A}.Debug|Any CPU.Build.0 = Debug|Any CPU
		{21B3482B-E44B-4419-A728-E144EEFDA63A}.Release|Any CPU.ActiveCfg = Release|Any CPU
		{21B3482B-E44B-4419-A728-E144EEFDA63A}.Release|Any CPU.Build.0 = Release|Any CPU
	EndGlobalSection
	GlobalSection(SolutionProperties) = preSolution
		HideSolutionNode = FALSE
	EndGlobalSection
	GlobalSection(ExtensibilityGlobals) = postSolution
		SolutionGuid = {D1B8DEAB-DB76-4E22-91CF-9DE5B194B6BC}
	EndGlobalSection
EndGlobal
